
Microsoft Visual Studio Solution File, Format Version 12.00
# Visual Studio Version 17
VisualStudioVersion = 17.14.37614.0
MinimumVisualStudioVersion = 10.0.40219.1
Project("{FAE04EC0-301F-11D3-BF4B-00C04F79EFBC}") = "01_Stack_and_Heap", "01_Stack_and_Heap\01_Stack_and_Heap.csproj", "{DEB5FF5C-7570-4C3D-8C78-B51B019FD231}"
EndProject
Project("{FAE04EC0-301F-11D3-BF4B-00C04F79EFBC}") = "02_Blocking", "02_Blocking\02_Blocking.csproj", "{8DD3FFAE-74F9-4ACE-ADBC-CF460DC87BD7}"
EndProject
Project("{FAE04EC0-301F-11D3-BF4B-00C04F79EFBC}") = "03_SimpleThreadApp", "03_SimpleThreadApp\03_SimpleThreadApp.csproj", "{504EBBED-F7FC-4CC1-ADA5-31332DADF335}"
EndProject
Project("{FAE04EC0-301F-11D3-BF4B-00C04F79EFBC}") = "03_SimpleThreadApp2", "03_SimpleThreadApp2\03_SimpleThreadApp2.csproj", "{C47EA878-0659-41BD-9C43-8D3195D37C78}"
EndProject
Project("{FAE04EC0-301F-11D3-BF4B-00C04F79EFBC}") = "04_Async_and_Await", "04_Async_and_Await\04_Async_and_Await.csproj", "{FE36C1EE-D335-40D7-A7AF-FDB067E8D154}"
EndProject
Project("{FAE04EC0-301F-11D3-BF4B-00C04F79EFBC}") = "04_Async_and_Await2", "04_Async_and_Await2\04_Async_and_Await2.csproj", "{18EF431B-1CAC-4A43-AA17-4CBC6BFD1DEC}"
EndProject
Project("{FAE04EC0-301F-11D3-BF4B-00C04F79EFBC}") = "04_Async_and_Await3", "04_Async_and_Await3\04_Async_and_Await3.csproj", "{0A744E09-E3E7-4B5A-B170-2199A5055333}"
EndProject
Project("{FAE04EC0-301F-11D3-BF4B-00C04F79EFBC}") = "05_Parallel", "05_Parallel\05_Parallel.csproj", "{FD51D4A8-788F-43C4-BE19-EADE78FA0E79}"
EndProject
Project("{FAE04EC0-301F-11D3-BF4B-00C04F79EFBC}") = "06_Ui_Thread", "06_Ui_Thread\06_Ui_Thread.csproj", "{1C124AF8-0D27-4E15-A40C-0AD2F80C5FFF}"
EndProject
Global
	GlobalSection(SolutionConfigurationPlatforms) = preSolution
		Debug|Any CPU = Debug|Any CPU
		Release|Any CPU = Release|Any CPU
	EndGlobalSection
	GlobalSection(ProjectConfigurationPlatforms) = postSolution
		{DEB5FF5C-7570-4C3D-8C78-B51B019FD231}.Debug|Any CPU.ActiveCfg = Debug|Any CPU
		{DEB5FF5C-7570-4C3D-8C78-B51B019FD231}.Debug|Any CPU.Build.0 = Debug|Any CPU
		{DEB5FF5C-7570-4C3D-8C78-B51B019FD231}.Release|Any CPU.ActiveCfg = Release|Any CPU
		{DEB5FF5C-7570-4C3D-8C78-B51B019FD231}.Release|Any CPU.Build.0 = Release|Any CPU
		{8DD3FFAE-74F9-4ACE-ADBC-CF460DC87BD7}.Debug|Any CPU.ActiveCfg = Debug|Any CPU
		{8DD3FFAE-74F9-4ACE-ADBC-CF460DC87BD7}.Debug|Any CPU.Build.0 = Debug|Any CPU
		{8DD3FFAE-74F9-4ACE-ADBC-CF460DC87BD7}.Release|Any CPU.ActiveCfg = Release|Any CPU
		{8DD3FFAE-74F9-4ACE-ADBC-CF460DC87BD7}.Release|Any CPU.Build.0 = Release|Any CPU
		{504EBBED-F7FC-4CC1-ADA5-31332DADF335}.Debug|Any CPU.ActiveCfg = Debug|Any CPU
		{504EBBED-F7FC-4CC1-ADA5-31332DADF335}.Debug|Any CPU.Build.0 = Debug|Any CPU
		{504EBBED-F7FC-4CC1-ADA5-31332DADF335}.Release|Any CPU.ActiveCfg = Release|Any CPU
		{504EBBED-F7FC-4CC1-ADA5-31332DADF335}.Release|Any CPU.Build.0 = Release|Any CPU
		{C47EA878-0659-41BD-9C43-8D3195D37C78}.Debug|Any CPU.ActiveCfg = Debug|Any CPU
		{C47EA878-0659-41BD-9C43-8D3195D37C78}.Debug|Any CPU.Build.0 = Debug|Any CPU
		{C47EA878-0659-41BD-9C43-8D3195D37C78}.Release|Any CPU.ActiveCfg = Release|Any CPU
		{C47EA878-0659-41BD-9C43-8D3195D37C78}.Release|Any CPU.Build.0 = Release|Any CPU
		{FE36C1EE-D335-40D7-A7AF-FDB067E8D154}.Debug|Any CPU.ActiveCfg = Debug|Any CPU
		{FE36C1EE-D335-40D7-A7AF-FDB067E8D154}.Debug|Any CPU.Build.0 = Debug|Any CPU
		{FE36C1EE-D335-40D7-A7AF-FDB067E8D154}.Release|Any CPU.ActiveCfg = Release|Any CPU
		{FE36C1EE-D335-40D7-A7AF-FDB067E8D154}.Release|Any CPU.Build.0 = Release|Any CPU
		{18EF431B-1CAC-4A43-AA17-4CBC6BFD1DEC}.Debug|Any CPU.ActiveCfg = Debug|Any CPU
		{18EF431B-1CAC-4A43-AA17-4CBC6BFD1DEC}.Debug|Any CPU.Build.0 = Debug|Any CPU
		{18EF431B-1CAC-4A43-AA17-4CBC6BFD1DEC}.Release|Any CPU.ActiveCfg = Release|Any CPU
		{18EF431B-1CAC-4A43-AA17-4CBC6BFD1DEC}.Release|Any CPU.Build.0 = Release|Any CPU
		{0A744E09-E3E7-4B5A-B170-2199A5055333}.Debug|Any CPU.ActiveCfg = Debug|Any CPU
		{0A744E09-E3E7-4B5A-B170-2199A5055333}.Debug|Any CPU.Build.0 = Debug|Any CPU
		{0A744E09-E3E7-4B5A-B170-2199A5055333}.Release|Any CPU.ActiveCfg = Release|Any CPU
		{0A744E09-E3E7-4B5A-B170-2199A5055333}.Release|Any CPU.Build.0 = Release|Any CPU
		{FD51D4A8-788F-43C4-BE19-EADE78FA0E79}.Debug|Any CPU.ActiveCfg = Debug|Any CPU
		{FD51D4A8-788F-43C4-BE19-EADE78FA0E79}.Debug|Any CPU.Build.0 = Debug|Any CPU
		{FD51D4A8-788F-43C4-BE19-EADE78FA0E79}.Release|Any CPU.ActiveCfg = Release|Any CPU
		{FD51D4A8-788F-43C4-BE19-EADE78FA0E79}.Release|Any CPU.Build.0 = Release|Any CPU
		{1C124AF8-0D27-4E15-A40C-0AD2F80C5FFF}.Debug|Any CPU.ActiveCfg = Debug|Any CPU
		{1C124AF8-0D27-4E15-A40C-0AD2F80C5FFF}.Debug|Any CPU.Build.0 = Debug|Any CPU
		{1C124AF8-0D27-4E15-A40C-0AD2F80C5FFF}.Release|Any CPU.ActiveCfg = Release|Any CPU
		{1C124AF8-0D27-4E15-A40C-0AD2F80C5FFF}.Release|Any CPU.Build.0 = Release|Any CPU
	EndGlobalSection
	GlobalSection(SolutionProperties) = preSolution
		HideSolutionNode = FALSE
	EndGlobalSection
	GlobalSection(ExtensibilityGlobals) = postSolution
		SolutionGuid = {DF5D8DFF-8613-431A-9B05-31A17FB2CC94}
	EndGlobalSection
EndGlobal
